PODS:
  - APIKit (3.1.1):
    - Result (~> 3.0)
  - Equals (2.0.0)
  - ObjectMapper (2.2.2)
  - Result (3.1.0)
  - RxCocoa (3.0.1):
    - RxSwift (~> 3.0)
  - RxSwift (3.0.1)
  - Swinject (2.0.0-beta.3)

DEPENDENCIES:
  - APIKit (~> 3.0)
  - Equals (~> 2.0.0)
  - ObjectMapper (~> 2.2)
  - RxCocoa (~> 3.0)
  - RxSwift (~> 3.0)
  - Swinject (= 2.0.0-beta.3)

SPEC CHECKSUMS:
  APIKit: 7460983f490d3bde6aaaaa4164d18c9865a6f91d
  Equals: 59cb192803273ff169030c558cde6e54c41fd304
  ObjectMapper: 9e385c2295bcc4e16eabbcfc85db801442bba545
  Result: 4e3ed5995ed94d0cd6a09be9a431fce3f3624bbf
  RxCocoa: 15a52fc590dcc700cb4a690a633b5c5184ce3a78
  RxSwift: af5680055c4ad04480189c52d28385b1029493a6
  Swinject: a94dd23e05c7b557e53ee4e0f795f15cba19c7df

PODFILE CHECKSUM: 1ec4a1fbfd619080abb4feb468de190451b15f7c

COCOAPODS: 1.1.1
