// !$*UTF8*$!
{
	archiveVersion = 1;
	classes = {
	};
	objectVersion = 46;
	objects = {

/* Begin PBXBuildFile section */
		D435B1C91E11533D002BDBBC /* AppDelegate.swift in Sources */ = {isa = PBXBuildFile; fileRef = D435B1C81E11533D002BDBBC /* AppDelegate.swift */; };
		D435B1CB1E11533D002BDBBC /* ViewController.swift in Sources */ = {isa = PBXBuildFile; fileRef = D435B1CA1E11533D002BDBBC /* ViewController.swift */; };
		D435B1CE1E11533D002BDBBC /* Main.storyboard in Resources */ = {isa = PBXBuildFile; fileRef = D435B1CC1E11533D002BDBBC /* Main.storyboard */; };
		D435B1D01E11533D002BDBBC /* Assets.xcassets in Resources */ = {isa = PBXBuildFile; fileRef = D435B1CF1E11533D002BDBBC /* Assets.xcassets */; };
		D435B1D31E11533D002BDBBC /* LaunchScreen.storyboard in Resources */ = {isa = PBXBuildFile; fileRef = D435B1D11E11533D002BDBBC /* LaunchScreen.storyboard */; };
		D435B1DE1E11533D002BDBBC /* RssReaderTests.swift in Sources */ = {isa = PBXBuildFile; fileRef = D435B1DD1E11533D002BDBBC /* RssReaderTests.swift */; };
/* End PBXBuildFile section */

/* Begin PBXContainerItemProxy section */
		D435B1DA1E11533D002BDBBC /* PBXContainerItemProxy */ = {
			isa = PBXContainerItemProxy;
			containerPortal = D435B1BD1E11533D002BDBBC /* Project object */;
			proxyType = 1;
			remoteGlobalIDString = D435B1C41E11533D002BDBBC;
			remoteInfo = RssReader;
		};
/* End PBXContainerItemProxy section */

/* Begin PBXFileReference section */
		D435B1C51E11533D002BDBBC /* RssReader.app */ = {isa = PBXFileReference; explicitFileType = wrapper.application; includeInIndex = 0; path = RssReader.app; sourceTree = BUILT_PRODUCTS_DIR; };
		D435B1C81E11533D002BDBBC /* AppDelegate.swift */ = {isa = PBXFileReference; lastKnownFileType = sourcecode.swift; path = AppDelegate.swift; sourceTree = "<group>"; };
		D435B1CA1E11533D002BDBBC /* ViewController.swift */ = {isa = PBXFileReference; lastKnownFileType = sourcecode.swift; path = ViewController.swift; sourceTree = "<group>"; };
		D435B1CD1E11533D002BDBBC /* Base */ = {isa = PBXFileReference; lastKnownFileType = file.storyboard; name = Base; path = Base.lproj/Main.storyboard; sourceTree = "<group>"; };
		D435B1CF1E11533D002BDBBC /* Assets.xcassets */ = {isa = PBXFileReference; lastKnownFileType = folder.assetcatalog; path = Assets.xcassets; sourceTree = "<group>"; };
		D435B1D21E11533D002BDBBC /* Base */ = {isa = PBXFileReference; lastKnownFileType = file.storyboard; name = Base; path = Base.lproj/LaunchScreen.storyboard; sourceTree = "<group>"; };
		D435B1D41E11533D002BDBBC /* Info.plist */ = {isa = PBXFileReference; lastKnownFileType = text.plist.xml; path = Info.plist; sourceTree = "<group>"; };
		D435B1D91E11533D002BDBBC /* RssReaderTests.xctest */ = {isa = PBXFileReference; explicitFileType = wrapper.cfbundle; includeInIndex = 0; path = RssReaderTests.xctest; sourceTree = BUILT_PRODUCTS_DIR; };
		D435B1DD1E11533D002BDBBC /* RssReaderTests.swift */ = {isa = PBXFileReference; lastKnownFileType = sourcecode.swift; path = RssReaderTests.swift; sourceTree = "<group>"; };
		D435B1DF1E11533D002BDBBC /* Info.plist */ = {isa = PBXFileReference; lastKnownFileType = text.plist.xml; path = Info.plist; sourceTree = "<group>"; };
/* End PBXFileReference section */

/* Begin PBXFrameworksBuildPhase section */
		D435B1C21E11533D002BDBBC /* Frameworks */ = {
			isa = PBXFrameworksBuildPhase;
			buildActionMask = 2147483647;
			files = (
			);
			runOnlyForDeploymentPostprocessing = 0;
		};
		D435B1D61E11533D002BDBBC /* Frameworks */ = {
			isa = PBXFrameworksBuildPhase;
			buildActionMask = 2147483647;
			files = (
			);
			runOnlyForDeploymentPostprocessing = 0;
		};
/* End PBXFrameworksBuildPhase section */

/* Begin PBXGroup section */
		D435B1BC1E11533D002BDBBC = {
			isa = PBXGroup;
			children = (
				D435B1C71E11533D002BDBBC /* RssReader */,
				D435B1DC1E11533D002BDBBC /* RssReaderTests */,
				D435B1C61E11533D002BDBBC /* Products */,
			);
			sourceTree = "<group>";
		};
		D435B1C61E11533D002BDBBC /* Products */ = {
			isa = PBXGroup;
			children = (
				D435B1C51E11533D002BDBBC /* RssReader.app */,
				D435B1D91E11533D002BDBBC /* RssReaderTests.xctest */,
			);
			name = Products;
			sourceTree = "<group>";
		};
		D435B1C71E11533D002BDBBC /* RssReader */ = {
			isa = PBXGroup;
			children = (
				D435B1C81E11533D002BDBBC /* AppDelegate.swift */,
				D435B1CA1E11533D002BDBBC /* ViewController.swift */,
				D435B1CC1E11533D002BDBBC /* Main.storyboard */,
				D435B1CF1E11533D002BDBBC /* Assets.xcassets */,
				D435B1D11E11533D002BDBBC /* LaunchScreen.storyboard */,
				D435B1D41E11533D002BDBBC /* Info.plist */,
			);
			path = RssReader;
			sourceTree = "<group>";
		};
		D435B1DC1E11533D002BDBBC /* RssReaderTests */ = {
			isa = PBXGroup;
			children = (
				D435B1DD1E11533D002BDBBC /* RssReaderTests.swift */,
				D435B1DF1E11533D002BDBBC /* Info.plist */,
			);
			path = RssReaderTests;
			sourceTree = "<group>";
		};
/* End PBXGroup section */

/* Begin PBXNativeTarget section */
		D435B1C41E11533D002BDBBC /* RssReader */ = {
			isa = PBXNativeTarget;
			buildConfigurationList = D435B1E21E11533D002BDBBC /* Build configuration list for PBXNativeTarget "RssReader" */;
			buildPhases = (
				D435B1C11E11533D002BDBBC /* Sources */,
				D435B1C21E11533D002BDBBC /* Frameworks */,
				D435B1C31E11533D002BDBBC /* Resources */,
			);
			buildRules = (
			);
			dependencies = (
			);
			name = RssReader;
			productName = RssReader;
			productReference = D435B1C51E11533D002BDBBC /* RssReader.app */;
			productType = "com.apple.product-type.application";
		};
		D435B1D81E11533D002BDBBC /* RssReaderTests */ = {
			isa = PBXNativeTarget;
			buildConfigurationList = D435B1E51E11533D002BDBBC /* Build configuration list for PBXNativeTarget "RssReaderTests" */;
			buildPhases = (
				D435B1D51E11533D002BDBBC /* Sources */,
				D435B1D61E11533D002BDBBC /* Frameworks */,
				D435B1D71E11533D002BDBBC /* Resources */,
			);
			buildRules = (
			);
			dependencies = (
				D435B1DB1E11533D002BDBBC /* PBXTargetDependency */,
			);
			name = RssReaderTests;
			productName = RssReaderTests;
			productReference = D435B1D91E11533D002BDBBC /* RssReaderTests.xctest */;
			productType = "com.apple.product-type.bundle.unit-test";
		};
/* End PBXNativeTarget section */

/* Begin PBXProject section */
		D435B1BD1E11533D002BDBBC /* Project object */ = {
			isa = PBXProject;
			attributes = {
				LastSwiftUpdateCheck = 0810;
				LastUpgradeCheck = 0810;
				ORGANIZATIONNAME = chuross;
				TargetAttributes = {
					D435B1C41E11533D002BDBBC = {
						CreatedOnToolsVersion = 8.1;
						ProvisioningStyle = Automatic;
					};
					D435B1D81E11533D002BDBBC = {
						CreatedOnToolsVersion = 8.1;
						ProvisioningStyle = Automatic;
						TestTargetID = D435B1C41E11533D002BDBBC;
					};
				};
			};
			buildConfigurationList = D435B1C01E11533D002BDBBC /* Build configuration list for PBXProject "RssReader" */;
			compatibilityVersion = "Xcode 3.2";
			developmentRegion = English;
			hasScannedForEncodings = 0;
			knownRegions = (
				en,
				Base,
			);
			mainGroup = D435B1BC1E11533D002BDBBC;
			productRefGroup = D435B1C61E11533D002BDBBC /* Products */;
			projectDirPath = "";
			projectRoot = "";
			targets = (
				D435B1C41E11533D002BDBBC /* RssReader */,
				D435B1D81E11533D002BDBBC /* RssReaderTests */,
			);
		};
/* End PBXProject section */

/* Begin PBXResourcesBuildPhase section */
		D435B1C31E11533D002BDBBC /* Resources */ = {
			isa = PBXResourcesBuildPhase;
			buildActionMask = 2147483647;
			files = (
				D435B1D31E11533D002BDBBC /* LaunchScreen.storyboard in Resources */,
				D435B1D01E11533D002BDBBC /* Assets.xcassets in Resources */,
				D435B1CE1E11533D002BDBBC /* Main.storyboard in Resources */,
			);
			runOnlyForDeploymentPostprocessing = 0;
		};
		D435B1D71E11533D002BDBBC /* Resources */ = {
			isa = PBXResourcesBuildPhase;
			buildActionMask = 2147483647;
			files = (
			);
			runOnlyForDeploymentPostprocessing = 0;
		};
/* End PBXResourcesBuildPhase section */

/* Begin PBXSourcesBuildPhase section */
		D435B1C11E11533D002BDBBC /* Sources */ = {
			isa = PBXSourcesBuildPhase;
			buildActionMask = 2147483647;
			files = (
				D435B1CB1E11533D002BDBBC /* ViewController.swift in Sources */,
				D435B1C91E11533D002BDBBC /* AppDelegate.swift in Sources */,
			);
			runOnlyForDeploymentPostprocessing = 0;
		};
		D435B1D51E11533D002BDBBC /* Sources */ = {
			isa = PBXSourcesBuildPhase;
			buildActionMask = 2147483647;
			files = (
				D435B1DE1E11533D002BDBBC /* RssReaderTests.swift in Sources */,
			);
			runOnlyForDeploymentPostprocessing = 0;
		};
/* End PBXSourcesBuildPhase section */

/* Begin PBXTargetDependency section */
		D435B1DB1E11533D002BDBBC /* PBXTargetDependency */ = {
			isa = PBXTargetDependency;
			target = D435B1C41E11533D002BDBBC /* RssReader */;
			targetProxy = D435B1DA1E11533D002BDBBC /* PBXContainerItemProxy */;
		};
/* End PBXTargetDependency section */

/* Begin PBXVariantGroup section */
		D435B1CC1E11533D002BDBBC /* Main.storyboard */ = {
			isa = PBXVariantGroup;
			children = (
				D435B1CD1E11533D002BDBBC /* Base */,
			);
			name = Main.storyboard;
			sourceTree = "<group>";
		};
		D435B1D11E11533D002BDBBC /* LaunchScreen.storyboard */ = {
			isa = PBXVariantGroup;
			children = (
				D435B1D21E11533D002BDBBC /* Base */,
			);
			name = LaunchScreen.storyboard;
			sourceTree = "<group>";
		};
/* End PBXVariantGroup section */

/* Begin XCBuildConfiguration section */
		D435B1E01E11533D002BDBBC /* Debug */ = {
			isa = XCBuildConfiguration;
			buildSettings = {
				ALWAYS_SEARCH_USER_PATHS = NO;
				CLANG_ANALYZER_NONNULL = YES;
				CLANG_CXX_LANGUAGE_STANDARD = "gnu++0x";
				CLANG_CXX_LIBRARY = "libc++";
				CLANG_ENABLE_MODULES = YES;
				CLANG_ENABLE_OBJC_ARC = YES;
				CLANG_WARN_BOOL_CONVERSION = YES;
				CLANG_WARN_CONSTANT_CONVERSION = YES;
				CLANG_WARN_DIRECT_OBJC_ISA_USAGE = YES_ERROR;
				CLANG_WARN_DOCUMENTATION_COMMENTS = YES;
				CLANG_WARN_EMPTY_BODY = YES;
				CLANG_WARN_ENUM_CONVERSION = YES;
				CLANG_WARN_INFINITE_RECURSION = YES;
				CLANG_WARN_INT_CONVERSION = YES;
				CLANG_WARN_OBJC_ROOT_CLASS = YES_ERROR;
				CLANG_WARN_SUSPICIOUS_MOVES = YES;
				CLANG_WARN_UNREACHABLE_CODE = YES;
				CLANG_WARN__DUPLICATE_METHOD_MATCH = YES;
				"CODE_SIGN_IDENTITY[sdk=iphoneos*]" = "iPhone Developer";
				COPY_PHASE_STRIP = NO;
				DEBUG_INFORMATION_FORMAT = dwarf;
				ENABLE_STRICT_OBJC_MSGSEND = YES;
				ENABLE_TESTABILITY = YES;
				GCC_C_LANGUAGE_STANDARD = gnu99;
				GCC_DYNAMIC_NO_PIC = NO;
				GCC_NO_COMMON_BLOCKS = YES;
				GCC_OPTIMIZATION_LEVEL = 0;
				GCC_PREPROCESSOR_DEFINITIONS = (
					"DEBUG=1",
					"$(inherited)",
				);
				GCC_WARN_64_TO_32_BIT_CONVERSION = YES;
				GCC_WARN_ABOUT_RETURN_TYPE = YES_ERROR;
				GCC_WARN_UNDECLARED_SELECTOR = YES;
				GCC_WARN_UNINITIALIZED_AUTOS = YES_AGGRESSIVE;
				GCC_WARN_UNUSED_FUNCTION = YES;
				GCC_WARN_UNUSED_VARIABLE = YES;
				IPHONEOS_DEPLOYMENT_TARGET = 10.1;
				MTL_ENABLE_DEBUG_INFO = YES;
				ONLY_ACTIVE_ARCH = YES;
				SDKROOT = iphoneos;
				SWIFT_ACTIVE_COMPILATION_CONDITIONS = DEBUG;
				SWIFT_OPTIMIZATION_LEVEL = "-Onone";
				TARGETED_DEVICE_FAMILY = "1,2";
			};
			name = Debug;
		};
		D435B1E11E11533D002BDBBC /* Release */ = {
			isa = XCBuildConfiguration;
			buildSettings = {
				ALWAYS_SEARCH_USER_PATHS = NO;
				CLANG_ANALYZER_NONNULL = YES;
				CLANG_CXX_LANGUAGE_STANDARD = "gnu++0x";
				CLANG_CXX_LIBRARY = "libc++";
				CLANG_ENABLE_MODULES = YES;
				CLANG_ENABLE_OBJC_ARC = YES;
				CLANG_WARN_BOOL_CONVERSION = YES;
				CLANG_WARN_CONSTANT_CONVERSION = YES;
				CLANG_WARN_DIRECT_OBJC_ISA_USAGE = YES_ERROR;
				CLANG_WARN_DOCUMENTATION_COMMENTS = YES;
				CLANG_WARN_EMPTY_BODY = YES;
				CLANG_WARN_ENUM_CONVERSION = YES;
				CLANG_WARN_INFINITE_RECURSION = YES;
				CLANG_WARN_INT_CONVERSION = YES;
				CLANG_WARN_OBJC_ROOT_CLASS = YES_ERROR;
				CLANG_WARN_SUSPICIOUS_MOVES = YES;
				CLANG_WARN_UNREACHABLE_CODE = YES;
				CLANG_WARN__DUPLICATE_METHOD_MATCH = YES;
				"CODE_SIGN_IDENTITY[sdk=iphoneos*]" = "iPhone Developer";
				COPY_PHASE_STRIP = NO;
				DEBUG_INFORMATION_FORMAT = "dwarf-with-dsym";
				ENABLE_NS_ASSERTIONS = NO;
				ENABLE_STRICT_OBJC_MSGSEND = YES;
				GCC_C_LANGUAGE_STANDARD = gnu99;
				GCC_NO_COMMON_BLOCKS = YES;
				GCC_WARN_64_TO_32_BIT_CONVERSION = YES;
				GCC_WARN_ABOUT_RETURN_TYPE = YES_ERROR;
				GCC_WARN_UNDECLARED_SELECTOR = YES;
				GCC_WARN_UNINITIALIZED_AUTOS = YES_AGGRESSIVE;
				GCC_WARN_UNUSED_FUNCTION = YES;
				GCC_WARN_UNUSED_VARIABLE = YES;
				IPHONEOS_DEPLOYMENT_TARGET = 10.1;
				MTL_ENABLE_DEBUG_INFO = NO;
				SDKROOT = iphoneos;
				SWIFT_OPTIMIZATION_LEVEL = "-Owholemodule";
				TARGETED_DEVICE_FAMILY = "1,2";
				VALIDATE_PRODUCT = YES;
			};
			name = Release;
		};
		D435B1E31E11533D002BDBBC /* Debug */ = {
			isa = XCBuildConfiguration;
			buildSettings = {
				ASSETCATALOG_COMPILER_APPICON_NAME = AppIcon;
				INFOPLIST_FILE = RssReader/Info.plist;
				LD_RUNPATH_SEARCH_PATHS = "$(inherited) @executable_path/Frameworks";
				PRODUCT_BUNDLE_IDENTIFIER = com.github.chuross.RssReader;
				PRODUCT_NAME = "$(TARGET_NAME)";
				SWIFT_VERSION = 3.0;
			};
			name = Debug;
		};
		D435B1E41E11533D002BDBBC /* Release */ = {
			isa = XCBuildConfiguration;
			buildSettings = {
				ASSETCATALOG_COMPILER_APPICON_NAME = AppIcon;
				INFOPLIST_FILE = RssReader/Info.plist;
				LD_RUNPATH_SEARCH_PATHS = "$(inherited) @executable_path/Frameworks";
				PRODUCT_BUNDLE_IDENTIFIER = com.github.chuross.RssReader;
				PRODUCT_NAME = "$(TARGET_NAME)";
				SWIFT_VERSION = 3.0;
			};
			name = Release;
		};
		D435B1E61E11533D002BDBBC /* Debug */ = {
			isa = XCBuildConfiguration;
			buildSettings = {
				ALWAYS_EMBED_SWIFT_STANDARD_LIBRARIES = YES;
				BUNDLE_LOADER = "$(TEST_HOST)";
				INFOPLIST_FILE = RssReaderTests/Info.plist;
				LD_RUNPATH_SEARCH_PATHS = "$(inherited) @executable_path/Frameworks @loader_path/Frameworks";
				PRODUCT_BUNDLE_IDENTIFIER = com.github.chuross.RssReaderTests;
				PRODUCT_NAME = "$(TARGET_NAME)";
				SWIFT_VERSION = 3.0;
				TEST_HOST = "$(BUILT_PRODUCTS_DIR)/RssReader.app/RssReader";
			};
			name = Debug;
		};
		D435B1E71E11533D002BDBBC /* Release */ = {
			isa = XCBuildConfiguration;
			buildSettings = {
				ALWAYS_EMBED_SWIFT_STANDARD_LIBRARIES = YES;
				BUNDLE_LOADER = "$(TEST_HOST)";
				INFOPLIST_FILE = RssReaderTests/Info.plist;
				LD_RUNPATH_SEARCH_PATHS = "$(inherited) @executable_path/Frameworks @loader_path/Frameworks";
				PRODUCT_BUNDLE_IDENTIFIER = com.github.chuross.RssReaderTests;
				PRODUCT_NAME = "$(TARGET_NAME)";
				SWIFT_VERSION = 3.0;
				TEST_HOST = "$(BUILT_PRODUCTS_DIR)/RssReader.app/RssReader";
			};
			name = Release;
		};
/* End XCBuildConfiguration section */

/* Begin XCConfigurationList section */
		D435B1C01E11533D002BDBBC /* Build configuration list for PBXProject "RssReader" */ = {
			isa = XCConfigurationList;
			buildConfigurations = (
				D435B1E01E11533D002BDBBC /* Debug */,
				D435B1E11E11533D002BDBBC /* Release */,
			);
			defaultConfigurationIsVisible = 0;
			defaultConfigurationName = Release;
		};
		D435B1E21E11533D002BDBBC /* Build configuration list for PBXNativeTarget "RssReader" */ = {
			isa = XCConfigurationList;
			buildConfigurations = (
				D435B1E31E11533D002BDBBC /* Debug */,
				D435B1E41E11533D002BDBBC /* Release */,
			);
			defaultConfigurationIsVisible = 0;
		};
		D435B1E51E11533D002BDBBC /* Build configuration list for PBXNativeTarget "RssReaderTests" */ = {
			isa = XCConfigurationList;
			buildConfigurations = (
				D435B1E61E11533D002BDBBC /* Debug */,
				D435B1E71E11533D002BDBBC /* Release */,
			);
			defaultConfigurationIsVisible = 0;
		};
/* End XCConfigurationList section */
	};
	rootObject = D435B1BD1E11533D002BDBBC /* Project object */;
}
